
Microsoft Visual Studio Solution File, Format Version 12.00
# Visual Studio Version 17
VisualStudioVersion = 17.9.34728.123
MinimumVisualStudioVersion = 10.0.40219.1
Project("{FAE04EC0-301F-11D3-BF4B-00C04F79EFBC}") = "array uppgift5", "array uppgift5\array uppgift5.csproj", "{2BBBF79C-19FE-45E5-8CCC-E6FC05BD799C}"
EndProject
Global
	GlobalSection(SolutionConfigurationPlatforms) = preSolution
		Debug|Any CPU = Debug|Any CPU
		Release|Any CPU = Release|Any CPU
	EndGlobalSection
	GlobalSection(ProjectConfigurationPlatforms) = postSolution
		{2BBBF79C-19FE-45E5-8CCC-E6FC05BD799C}.Debug|Any CPU.ActiveCfg = Debug|Any CPU
		{2BBBF79C-19FE-45E5-8CCC-E6FC05BD799C}.Debug|Any CPU.Build.0 = Debug|Any CPU
		{2BBBF79C-19FE-45E5-8CCC-E6FC05BD799C}.Release|Any CPU.ActiveCfg = Release|Any CPU
		{2BBBF79C-19FE-45E5-8CCC-E6FC05BD799C}.Release|Any CPU.Build.0 = Release|Any CPU
	EndGlobalSection
	GlobalSection(SolutionProperties) = preSolution
		HideSolutionNode = FALSE
	EndGlobalSection
	GlobalSection(ExtensibilityGlobals) = postSolution
		SolutionGuid = {75D01865-7692-4831-BB30-C7095FE862F6}
	EndGlobalSection
EndGlobal
